// !$*UTF8*$!
{
	archiveVersion = 1;
	classes = {
	};
	objectVersion = 77;
	objects = {

/* Begin PBXBuildFile section */
		AA000001AAAA000100000001 /* reqeast_core.xcframework in Frameworks */ = {isa = PBXBuildFile; fileRef = AA000002AAAA000200000002 /* reqeast_core.xcframework */; };
		KK000001KKKK000100000001 /* CodeEditSourceEditor in Frameworks */ = {isa = PBXBuildFile; platformFilters = (macos, ); productRef = JJ000001JJJJ000100000001 /* CodeEditSourceEditor */; };
/* End PBXBuildFile section */

/* Begin PBXContainerItemProxy section */
		BB000001BBBB000100000001 /* PBXContainerItemProxy */ = {
			isa = PBXContainerItemProxy;
			containerPortal = 07A37C432F49967500B28FBF /* Project object */;
			proxyType = 1;
			remoteGlobalIDString = 07A37C4A2F49967500B28FBF;
			remoteInfo = Reqeast;
		};
		BB000002BBBB000200000002 /* PBXContainerItemProxy */ = {
			isa = PBXContainerItemProxy;
			containerPortal = 07A37C432F49967500B28FBF /* Project object */;
			proxyType = 1;
			remoteGlobalIDString = 07A37C4A2F49967500B28FBF;
			remoteInfo = Reqeast;
		};
/* End PBXContainerItemProxy section */

/* Begin PBXFileReference section */
		07A37C4B2F49967500B28FBF /* Reqeast.app */ = {isa = PBXFileReference; explicitFileType = wrapper.application; includeInIndex = 0; path = RHEQ.app; sourceTree = BUILT_PRODUCTS_DIR; };
		AA000002AAAA000200000002 /* reqeast_core.xcframework */ = {isa = PBXFileReference; lastKnownFileType = wrapper.xcframework; name = reqeast_core.xcframework; path = ReqeastCore/reqeast_core.xcframework; sourceTree = "<group>"; };
		CC000001CCCC000100000001 /* ReqeastTests.xctest */ = {isa = PBXFileReference; explicitFileType = wrapper.cfbundle; includeInIndex = 0; path = ReqeastTests.xctest; sourceTree = BUILT_PRODUCTS_DIR; };
		CC000002CCCC000200000002 /* ReqeastUITests.xctest */ = {isa = PBXFileReference; explicitFileType = wrapper.cfbundle; includeInIndex = 0; path = ReqeastUITests.xctest; sourceTree = BUILT_PRODUCTS_DIR; };
/* End PBXFileReference section */

/* Begin PBXFileSystemSynchronizedBuildFileExceptionSet section */
		07A37C4E2F49967500B28FBF /* Exceptions for "Reqeast" folder in "Reqeast" target */ = {
			isa = PBXFileSystemSynchronizedBuildFileExceptionSet;
			membershipExceptions = (
				AGENTS.md,
				Info.plist,
				Intents/AGENTS.md,
				Models/AGENTS.md,
				Services/AGENTS.md,
				Views/AGENTS.md,
			);
			target = 07A37C4A2F49967500B28FBF /* Reqeast */;
		};
		DD000003DDDD000300000003 /* Exceptions for "ReqeastTests" folder in "ReqeastTests" target */ = {
			isa = PBXFileSystemSynchronizedBuildFileExceptionSet;
			membershipExceptions = (
				AGENTS.md,
			);
			target = FF000001FFFF000100000001 /* ReqeastTests */;
		};
		DD000004DDDD000400000004 /* Exceptions for "ReqeastUITests" folder in "ReqeastUITests" target */ = {
			isa = PBXFileSystemSynchronizedBuildFileExceptionSet;
			membershipExceptions = (
				AGENTS.md,
			);
			target = FF000002FFFF000200000002 /* ReqeastUITests */;
		};
/* End PBXFileSystemSynchronizedBuildFileExceptionSet section */

/* Begin PBXFileSystemSynchronizedRootGroup section */
		07A37C4D2F49967500B28FBF /* Reqeast */ = {
			isa = PBXFileSystemSynchronizedRootGroup;
			exceptions = (
				07A37C4E2F49967500B28FBF /* Exceptions for "Reqeast" folder in "Reqeast" target */,
			);
			path = Reqeast;
			sourceTree = "<group>";
		};
		DD000001DDDD000100000001 /* ReqeastTests */ = {
			isa = PBXFileSystemSynchronizedRootGroup;
			exceptions = (
				DD000003DDDD000300000003 /* Exceptions for "ReqeastTests" folder in "ReqeastTests" target */,
			);
			path = ReqeastTests;
			sourceTree = "<group>";
		};
		DD000002DDDD000200000002 /* ReqeastUITests */ = {
			isa = PBXFileSystemSynchronizedRootGroup;
			exceptions = (
				DD000004DDDD000400000004 /* Exceptions for "ReqeastUITests" folder in "ReqeastUITests" target */,
			);
			path = ReqeastUITests;
			sourceTree = "<group>";
		};
/* End PBXFileSystemSynchronizedRootGroup section */

/* Begin PBXFrameworksBuildPhase section */
		07A37C482F49967500B28FBF /* Frameworks */ = {
			isa = PBXFrameworksBuildPhase;
			buildActionMask = 2147483647;
			files = (
				AA000001AAAA000100000001 /* reqeast_core.xcframework in Frameworks */,
				KK000001KKKK000100000001 /* CodeEditSourceEditor in Frameworks */,
			);
			runOnlyForDeploymentPostprocessing = 0;
		};
		EE000001EEEE000100000001 /* Frameworks */ = {
			isa = PBXFrameworksBuildPhase;
			buildActionMask = 2147483647;
			files = (
			);
			runOnlyForDeploymentPostprocessing = 0;
		};
		EE000002EEEE000200000002 /* Frameworks */ = {
			isa = PBXFrameworksBuildPhase;
			buildActionMask = 2147483647;
			files = (
			);
			runOnlyForDeploymentPostprocessing = 0;
		};
/* End PBXFrameworksBuildPhase section */

/* Begin PBXGroup section */
		07A37C422F49967500B28FBF = {
			isa = PBXGroup;
			children = (
				07A37C4D2F49967500B28FBF /* Reqeast */,
				DD000001DDDD000100000001 /* ReqeastTests */,
				DD000002DDDD000200000002 /* ReqeastUITests */,
				AA000002AAAA000200000002 /* reqeast_core.xcframework */,
				07A37C4C2F49967500B28FBF /* Products */,
			);
			sourceTree = "<group>";
		};
		07A37C4C2F49967500B28FBF /* Products */ = {
			isa = PBXGroup;
			children = (
				07A37C4B2F49967500B28FBF /* Reqeast.app */,
				CC000001CCCC000100000001 /* ReqeastTests.xctest */,
				CC000002CCCC000200000002 /* ReqeastUITests.xctest */,
			);
			name = Products;
			sourceTree = "<group>";
		};
/* End PBXGroup section */

/* Begin PBXNativeTarget section */
		07A37C4A2F49967500B28FBF /* Reqeast */ = {
			isa = PBXNativeTarget;
			buildConfigurationList = 07A37C562F49967500B28FBF /* Build configuration list for PBXNativeTarget "Reqeast" */;
			buildPhases = (
				07A37C472F49967500B28FBF /* Sources */,
				07A37C482F49967500B28FBF /* Frameworks */,
				07A37C492F49967500B28FBF /* Resources */,
			);
			buildRules = (
			);
			dependencies = (
			);
			fileSystemSynchronizedGroups = (
				07A37C4D2F49967500B28FBF /* Reqeast */,
			);
			name = Reqeast;
			packageProductDependencies = (
				JJ000001JJJJ000100000001 /* CodeEditSourceEditor */,
			);
			productName = Reqeast;
			productReference = 07A37C4B2F49967500B28FBF /* Reqeast.app */;
			productType = "com.apple.product-type.application";
		};
		FF000001FFFF000100000001 /* ReqeastTests */ = {
			isa = PBXNativeTarget;
			buildConfigurationList = FF000003FFFF000300000003 /* Build configuration list for PBXNativeTarget "ReqeastTests" */;
			buildPhases = (
				FF000005FFFF000500000005 /* Sources */,
				EE000001EEEE000100000001 /* Frameworks */,
				FF000007FFFF000700000007 /* Resources */,
			);
			buildRules = (
			);
			dependencies = (
				FF000009FFFF000900000009 /* PBXTargetDependency */,
			);
			fileSystemSynchronizedGroups = (
				DD000001DDDD000100000001 /* ReqeastTests */,
			);
			name = ReqeastTests;
			productName = ReqeastTests;
			productReference = CC000001CCCC000100000001 /* ReqeastTests.xctest */;
			productType = "com.apple.product-type.bundle.unit-test";
		};
		FF000002FFFF000200000002 /* ReqeastUITests */ = {
			isa = PBXNativeTarget;
			buildConfigurationList = FF000004FFFF000400000004 /* Build configuration list for PBXNativeTarget "ReqeastUITests" */;
			buildPhases = (
				FF000006FFFF000600000006 /* Sources */,
				EE000002EEEE000200000002 /* Frameworks */,
				FF000008FFFF000800000008 /* Resources */,
			);
			buildRules = (
			);
			dependencies = (
				FF00000AFFFF000A0000000A /* PBXTargetDependency */,
			);
			fileSystemSynchronizedGroups = (
				DD000002DDDD000200000002 /* ReqeastUITests */,
			);
			name = ReqeastUITests;
			productName = ReqeastUITests;
			productReference = CC000002CCCC000200000002 /* ReqeastUITests.xctest */;
			productType = "com.apple.product-type.bundle.ui-testing";
		};
/* End PBXNativeTarget section */

/* Begin PBXProject section */
		07A37C432F49967500B28FBF /* Project object */ = {
			isa = PBXProject;
			attributes = {
				BuildIndependentTargetsInParallel = 1;
				LastSwiftUpdateCheck = 2630;
				LastUpgradeCheck = 2640;
				TargetAttributes = {
					07A37C4A2F49967500B28FBF = {
						CreatedOnToolsVersion = 26.3;
					};
					FF000001FFFF000100000001 = {
						CreatedOnToolsVersion = 26.3;
						TestTargetID = 07A37C4A2F49967500B28FBF;
					};
					FF000002FFFF000200000002 = {
						CreatedOnToolsVersion = 26.3;
						TestTargetID = 07A37C4A2F49967500B28FBF;
					};
				};
			};
			buildConfigurationList = 07A37C462F49967500B28FBF /* Build configuration list for PBXProject "Reqeast" */;
			developmentRegion = en;
			hasScannedForEncodings = 0;
			knownRegions = (
				en,
				Base,
				"zh-Hans",
				"zh-Hant",
				ja,
				fr,
				"pt-BR",
				es,
				ko,
				de,
			);
			mainGroup = 07A37C422F49967500B28FBF;
			minimizedProjectReferenceProxies = 1;
			packageReferences = (
				II000001IIII000100000001 /* XCRemoteSwiftPackageReference "CodeEditSourceEditor" */,
			);
			preferredProjectObjectVersion = 77;
			productRefGroup = 07A37C4C2F49967500B28FBF /* Products */;
			projectDirPath = "";
			projectRoot = "";
			targets = (
				07A37C4A2F49967500B28FBF /* Reqeast */,
				FF000001FFFF000100000001 /* ReqeastTests */,
				FF000002FFFF000200000002 /* ReqeastUITests */,
			);
		};
/* End PBXProject section */

/* Begin PBXResourcesBuildPhase section */
		07A37C492F49967500B28FBF /* Resources */ = {
			isa = PBXResourcesBuildPhase;
			buildActionMask = 2147483647;
			files = (
			);
			runOnlyForDeploymentPostprocessing = 0;
		};
		FF000007FFFF000700000007 /* Resources */ = {
			isa = PBXResourcesBuildPhase;
			buildActionMask = 2147483647;
			files = (
			);
			runOnlyForDeploymentPostprocessing = 0;
		};
		FF000008FFFF000800000008 /* Resources */ = {
			isa = PBXResourcesBuildPhase;
			buildActionMask = 2147483647;
			files = (
			);
			runOnlyForDeploymentPostprocessing = 0;
		};
/* End PBXResourcesBuildPhase section */

/* Begin PBXSourcesBuildPhase section */
		07A37C472F49967500B28FBF /* Sources */ = {
			isa = PBXSourcesBuildPhase;
			buildActionMask = 2147483647;
			files = (
			);
			runOnlyForDeploymentPostprocessing = 0;
		};
		FF000005FFFF000500000005 /* Sources */ = {
			isa = PBXSourcesBuildPhase;
			buildActionMask = 2147483647;
			files = (
			);
			runOnlyForDeploymentPostprocessing = 0;
		};
		FF000006FFFF000600000006 /* Sources */ = {
			isa = PBXSourcesBuildPhase;
			buildActionMask = 2147483647;
			files = (
			);
			runOnlyForDeploymentPostprocessing = 0;
		};
/* End PBXSourcesBuildPhase section */

/* Begin PBXTargetDependency section */
		FF000009FFFF000900000009 /* PBXTargetDependency */ = {
			isa = PBXTargetDependency;
			target = 07A37C4A2F49967500B28FBF /* Reqeast */;
			targetProxy = BB000001BBBB000100000001 /* PBXContainerItemProxy */;
		};
		FF00000AFFFF000A0000000A /* PBXTargetDependency */ = {
			isa = PBXTargetDependency;
			target = 07A37C4A2F49967500B28FBF /* Reqeast */;
			targetProxy = BB000002BBBB000200000002 /* PBXContainerItemProxy */;
		};
/* End PBXTargetDependency section */

/* Begin XCBuildConfiguration section */
		07A37C542F49967500B28FBF /* Debug */ = {
			isa = XCBuildConfiguration;
			buildSettings = {
				ALWAYS_SEARCH_USER_PATHS = NO;
				ASSETCATALOG_COMPILER_GENERATE_SWIFT_ASSET_SYMBOL_EXTENSIONS = YES;
				CLANG_ANALYZER_LOCALIZABILITY_NONLOCALIZED = YES;
				CLANG_ANALYZER_NONNULL = YES;
				CLANG_ANALYZER_NUMBER_OBJECT_CONVERSION = YES_AGGRESSIVE;
				CLANG_CXX_LANGUAGE_STANDARD = "gnu++20";
				CLANG_ENABLE_MODULES = YES;
				CLANG_ENABLE_OBJC_ARC = YES;
				CLANG_ENABLE_OBJC_WEAK = YES;
				CLANG_WARN_BLOCK_CAPTURE_AUTORELEASING = YES;
				CLANG_WARN_BOOL_CONVERSION = YES;
				CLANG_WARN_COMMA = YES;
				CLANG_WARN_CONSTANT_CONVERSION = YES;
				CLANG_WARN_DEPRECATED_OBJC_IMPLEMENTATIONS = YES;
				CLANG_WARN_DIRECT_OBJC_ISA_USAGE = YES_ERROR;
				CLANG_WARN_DOCUMENTATION_COMMENTS = YES;
				CLANG_WARN_EMPTY_BODY = YES;
				CLANG_WARN_ENUM_CONVERSION = YES;
				CLANG_WARN_INFINITE_RECURSION = YES;
				CLANG_WARN_INT_CONVERSION = YES;
				CLANG_WARN_NON_LITERAL_NULL_CONVERSION = YES;
				CLANG_WARN_OBJC_IMPLICIT_RETAIN_SELF = YES;
				CLANG_WARN_OBJC_LITERAL_CONVERSION = YES;
				CLANG_WARN_OBJC_ROOT_CLASS = YES_ERROR;
				CLANG_WARN_QUOTED_INCLUDE_IN_FRAMEWORK_HEADER = YES;
				CLANG_WARN_RANGE_LOOP_ANALYSIS = YES;
				CLANG_WARN_STRICT_PROTOTYPES = YES;
				CLANG_WARN_SUSPICIOUS_MOVE = YES;
				CLANG_WARN_UNGUARDED_AVAILABILITY = YES_AGGRESSIVE;
				CLANG_WARN_UNREACHABLE_CODE = YES;
				CLANG_WARN__DUPLICATE_METHOD_MATCH = YES;
				COPY_PHASE_STRIP = NO;
				DEAD_CODE_STRIPPING = YES;
				DEBUG_INFORMATION_FORMAT = dwarf;
				DEVELOPMENT_TEAM = ZGY97R7UU2;
				ENABLE_STRICT_OBJC_MSGSEND = YES;
				ENABLE_TESTABILITY = YES;
				ENABLE_USER_SCRIPT_SANDBOXING = YES;
				GCC_C_LANGUAGE_STANDARD = gnu17;
				GCC_DYNAMIC_NO_PIC = NO;
				GCC_NO_COMMON_BLOCKS = YES;
				GCC_OPTIMIZATION_LEVEL = 0;
				GCC_PREPROCESSOR_DEFINITIONS = (
					"DEBUG=1",
					"$(inherited)",
				);
				GCC_WARN_64_TO_32_BIT_CONVERSION = YES;
				GCC_WARN_ABOUT_RETURN_TYPE = YES_ERROR;
				GCC_WARN_UNDECLARED_SELECTOR = YES;
				GCC_WARN_UNINITIALIZED_AUTOS = YES_AGGRESSIVE;
				GCC_WARN_UNUSED_FUNCTION = YES;
				GCC_WARN_UNUSED_VARIABLE = YES;
				LOCALIZATION_PREFERS_STRING_CATALOGS = YES;
				MTL_ENABLE_DEBUG_INFO = INCLUDE_SOURCE;
				MTL_FAST_MATH = YES;
				ONLY_ACTIVE_ARCH = YES;
				STRING_CATALOG_GENERATE_SYMBOLS = YES;
				SWIFT_ACTIVE_COMPILATION_CONDITIONS = "DEBUG $(inherited)";
				SWIFT_OPTIMIZATION_LEVEL = "-Onone";
			};
			name = Debug;
		};
		07A37C552F49967500B28FBF /* Release */ = {
			isa = XCBuildConfiguration;
			buildSettings = {
				ALWAYS_SEARCH_USER_PATHS = NO;
				ASSETCATALOG_COMPILER_GENERATE_SWIFT_ASSET_SYMBOL_EXTENSIONS = YES;
				CLANG_ANALYZER_LOCALIZABILITY_NONLOCALIZED = YES;
				CLANG_ANALYZER_NONNULL = YES;
				CLANG_ANALYZER_NUMBER_OBJECT_CONVERSION = YES_AGGRESSIVE;
				CLANG_CXX_LANGUAGE_STANDARD = "gnu++20";
				CLANG_ENABLE_MODULES = YES;
				CLANG_ENABLE_OBJC_ARC = YES;
				CLANG_ENABLE_OBJC_WEAK = YES;
				CLANG_WARN_BLOCK_CAPTURE_AUTORELEASING = YES;
				CLANG_WARN_BOOL_CONVERSION = YES;
				CLANG_WARN_COMMA = YES;
				CLANG_WARN_CONSTANT_CONVERSION = YES;
				CLANG_WARN_DEPRECATED_OBJC_IMPLEMENTATIONS = YES;
				CLANG_WARN_DIRECT_OBJC_ISA_USAGE = YES_ERROR;
				CLANG_WARN_DOCUMENTATION_COMMENTS = YES;
				CLANG_WARN_EMPTY_BODY = YES;
				CLANG_WARN_ENUM_CONVERSION = YES;
				CLANG_WARN_INFINITE_RECURSION = YES;
				CLANG_WARN_INT_CONVERSION = YES;
				CLANG_WARN_NON_LITERAL_NULL_CONVERSION = YES;
				CLANG_WARN_OBJC_IMPLICIT_RETAIN_SELF = YES;
				CLANG_WARN_OBJC_LITERAL_CONVERSION = YES;
				CLANG_WARN_OBJC_ROOT_CLASS = YES_ERROR;
				CLANG_WARN_QUOTED_INCLUDE_IN_FRAMEWORK_HEADER = YES;
				CLANG_WARN_RANGE_LOOP_ANALYSIS = YES;
				CLANG_WARN_STRICT_PROTOTYPES = YES;
				CLANG_WARN_SUSPICIOUS_MOVE = YES;
				CLANG_WARN_UNGUARDED_AVAILABILITY = YES_AGGRESSIVE;
				CLANG_WARN_UNREACHABLE_CODE = YES;
				CLANG_WARN__DUPLICATE_METHOD_MATCH = YES;
				COPY_PHASE_STRIP = NO;
				DEAD_CODE_STRIPPING = YES;
				DEBUG_INFORMATION_FORMAT = "dwarf-with-dsym";
				DEVELOPMENT_TEAM = ZGY97R7UU2;
				ENABLE_NS_ASSERTIONS = NO;
				ENABLE_STRICT_OBJC_MSGSEND = YES;
				ENABLE_USER_SCRIPT_SANDBOXING = YES;
				GCC_C_LANGUAGE_STANDARD = gnu17;
				GCC_NO_COMMON_BLOCKS = YES;
				GCC_WARN_64_TO_32_BIT_CONVERSION = YES;
				GCC_WARN_ABOUT_RETURN_TYPE = YES_ERROR;
				GCC_WARN_UNDECLARED_SELECTOR = YES;
				GCC_WARN_UNINITIALIZED_AUTOS = YES_AGGRESSIVE;
				GCC_WARN_UNUSED_FUNCTION = YES;
				GCC_WARN_UNUSED_VARIABLE = YES;
				LOCALIZATION_PREFERS_STRING_CATALOGS = YES;
				MTL_ENABLE_DEBUG_INFO = NO;
				MTL_FAST_MATH = YES;
				STRING_CATALOG_GENERATE_SYMBOLS = YES;
				SWIFT_COMPILATION_MODE = wholemodule;
			};
			name = Release;
		};
		07A37C572F49967500B28FBF /* Debug */ = {
			isa = XCBuildConfiguration;
			buildSettings = {
				ASSETCATALOG_COMPILER_APPICON_NAME = AppIcon;
				ASSETCATALOG_COMPILER_GLOBAL_ACCENT_COLOR_NAME = AccentColor;
				CODE_SIGN_ENTITLEMENTS = Reqeast/Reqeast.entitlements;
				CODE_SIGN_STYLE = Automatic;
				CURRENT_PROJECT_VERSION = 25;
				DEAD_CODE_STRIPPING = YES;
				DEVELOPMENT_TEAM = ZGY97R7UU2;
				ENABLE_APP_SANDBOX = YES;
				ENABLE_HARDENED_RUNTIME = YES;
				ENABLE_INCOMING_NETWORK_CONNECTIONS = YES;
				ENABLE_OUTGOING_NETWORK_CONNECTIONS = YES;
				ENABLE_PREVIEWS = YES;
				ENABLE_RESOURCE_ACCESS_AUDIO_INPUT = NO;
				ENABLE_RESOURCE_ACCESS_BLUETOOTH = NO;
				ENABLE_RESOURCE_ACCESS_CALENDARS = NO;
				ENABLE_RESOURCE_ACCESS_CAMERA = NO;
				ENABLE_RESOURCE_ACCESS_CONTACTS = NO;
				ENABLE_RESOURCE_ACCESS_LOCATION = NO;
				ENABLE_RESOURCE_ACCESS_PRINTING = NO;
				ENABLE_RESOURCE_ACCESS_USB = NO;
				ENABLE_USER_SELECTED_FILES = readonly;
				GENERATE_INFOPLIST_FILE = YES;
				INFOPLIST_FILE = Reqeast/Info.plist;
				INFOPLIST_KEY_CFBundleDisplayName = RHEQ;
				INFOPLIST_KEY_CFBundleName = RHEQ;
				INFOPLIST_KEY_ITSAppUsesNonExemptEncryption = NO;
				INFOPLIST_KEY_LSApplicationCategoryType = "public.app-category.developer-tools";
				"INFOPLIST_KEY_UIApplicationSceneManifest_Generation[sdk=iphoneos*]" = YES;
				"INFOPLIST_KEY_UIApplicationSceneManifest_Generation[sdk=iphonesimulator*]" = YES;
				"INFOPLIST_KEY_UIApplicationSupportsIndirectInputEvents[sdk=iphoneos*]" = YES;
				"INFOPLIST_KEY_UIApplicationSupportsIndirectInputEvents[sdk=iphonesimulator*]" = YES;
				"INFOPLIST_KEY_UILaunchScreen_Generation[sdk=iphoneos*]" = YES;
				"INFOPLIST_KEY_UILaunchScreen_Generation[sdk=iphonesimulator*]" = YES;
				"INFOPLIST_KEY_UIStatusBarStyle[sdk=iphoneos*]" = UIStatusBarStyleDefault;
				"INFOPLIST_KEY_UIStatusBarStyle[sdk=iphonesimulator*]" = UIStatusBarStyleDefault;
				INFOPLIST_KEY_UISupportedInterfaceOrientations_iPad = "UIInterfaceOrientationPortrait UIInterfaceOrientationPortraitUpsideDown UIInterfaceOrientationLandscapeLeft UIInterfaceOrientationLandscapeRight";
				INFOPLIST_KEY_UISupportedInterfaceOrientations_iPhone = "UIInterfaceOrientationPortrait UIInterfaceOrientationLandscapeLeft UIInterfaceOrientationLandscapeRight";
				IPHONEOS_DEPLOYMENT_TARGET = 26.0;
				LD_RUNPATH_SEARCH_PATHS = "@executable_path/Frameworks";
				"LD_RUNPATH_SEARCH_PATHS[sdk=macosx*]" = "@executable_path/../Frameworks";
				MACOSX_DEPLOYMENT_TARGET = 26.0;
				MARKETING_VERSION = 1.2;
				PRODUCT_BUNDLE_IDENTIFIER = app.reqeast;
				PRODUCT_NAME = RHEQ;
				PRODUCT_MODULE_NAME = Reqeast;
				EXECUTABLE_NAME = Reqeast;
				REGISTER_APP_GROUPS = YES;
				SDKROOT = auto;
				STRING_CATALOG_GENERATE_SYMBOLS = YES;
				SUPPORTED_PLATFORMS = "iphoneos iphonesimulator macosx";
				SUPPORTS_MACCATALYST = NO;
				SWIFT_APPROACHABLE_CONCURRENCY = YES;
				SWIFT_DEFAULT_ACTOR_ISOLATION = MainActor;
				SWIFT_EMIT_LOC_STRINGS = YES;
				SWIFT_UPCOMING_FEATURE_MEMBER_IMPORT_VISIBILITY = YES;
				SWIFT_VERSION = 5.0;
				TARGETED_DEVICE_FAMILY = "1,2";
				XROS_DEPLOYMENT_TARGET = 26.0;
			};
			name = Debug;
		};
		07A37C582F49967500B28FBF /* Release */ = {
			isa = XCBuildConfiguration;
			buildSettings = {
				ASSETCATALOG_COMPILER_APPICON_NAME = AppIcon;
				ASSETCATALOG_COMPILER_GLOBAL_ACCENT_COLOR_NAME = AccentColor;
				CODE_SIGN_ENTITLEMENTS = Reqeast/Reqeast.entitlements;
				CODE_SIGN_STYLE = Automatic;
				CURRENT_PROJECT_VERSION = 25;
				DEAD_CODE_STRIPPING = YES;
				DEVELOPMENT_TEAM = ZGY97R7UU2;
				ENABLE_APP_SANDBOX = YES;
				ENABLE_HARDENED_RUNTIME = YES;
				ENABLE_INCOMING_NETWORK_CONNECTIONS = YES;
				ENABLE_OUTGOING_NETWORK_CONNECTIONS = YES;
				ENABLE_PREVIEWS = YES;
				ENABLE_RESOURCE_ACCESS_AUDIO_INPUT = NO;
				ENABLE_RESOURCE_ACCESS_BLUETOOTH = NO;
				ENABLE_RESOURCE_ACCESS_CALENDARS = NO;
				ENABLE_RESOURCE_ACCESS_CAMERA = NO;
				ENABLE_RESOURCE_ACCESS_CONTACTS = NO;
				ENABLE_RESOURCE_ACCESS_LOCATION = NO;
				ENABLE_RESOURCE_ACCESS_PRINTING = NO;
				ENABLE_RESOURCE_ACCESS_USB = NO;
				ENABLE_USER_SELECTED_FILES = readonly;
				GENERATE_INFOPLIST_FILE = YES;
				INFOPLIST_FILE = Reqeast/Info.plist;
				INFOPLIST_KEY_CFBundleDisplayName = RHEQ;
				INFOPLIST_KEY_CFBundleName = RHEQ;
				INFOPLIST_KEY_ITSAppUsesNonExemptEncryption = NO;
				INFOPLIST_KEY_LSApplicationCategoryType = "public.app-category.developer-tools";
				"INFOPLIST_KEY_UIApplicationSceneManifest_Generation[sdk=iphoneos*]" = YES;
				"INFOPLIST_KEY_UIApplicationSceneManifest_Generation[sdk=iphonesimulator*]" = YES;
				"INFOPLIST_KEY_UIApplicationSupportsIndirectInputEvents[sdk=iphoneos*]" = YES;
				"INFOPLIST_KEY_UIApplicationSupportsIndirectInputEvents[sdk=iphonesimulator*]" = YES;
				"INFOPLIST_KEY_UILaunchScreen_Generation[sdk=iphoneos*]" = YES;
				"INFOPLIST_KEY_UILaunchScreen_Generation[sdk=iphonesimulator*]" = YES;
				"INFOPLIST_KEY_UIStatusBarStyle[sdk=iphoneos*]" = UIStatusBarStyleDefault;
				"INFOPLIST_KEY_UIStatusBarStyle[sdk=iphonesimulator*]" = UIStatusBarStyleDefault;
				INFOPLIST_KEY_UISupportedInterfaceOrientations_iPad = "UIInterfaceOrientationPortrait UIInterfaceOrientationPortraitUpsideDown UIInterfaceOrientationLandscapeLeft UIInterfaceOrientationLandscapeRight";
				INFOPLIST_KEY_UISupportedInterfaceOrientations_iPhone = "UIInterfaceOrientationPortrait UIInterfaceOrientationLandscapeLeft UIInterfaceOrientationLandscapeRight";
				IPHONEOS_DEPLOYMENT_TARGET = 26.0;
				LD_RUNPATH_SEARCH_PATHS = "@executable_path/Frameworks";
				"LD_RUNPATH_SEARCH_PATHS[sdk=macosx*]" = "@executable_path/../Frameworks";
				MACOSX_DEPLOYMENT_TARGET = 26.0;
				MARKETING_VERSION = 1.2;
				PRODUCT_BUNDLE_IDENTIFIER = app.reqeast;
				PRODUCT_NAME = RHEQ;
				PRODUCT_MODULE_NAME = Reqeast;
				EXECUTABLE_NAME = Reqeast;
				REGISTER_APP_GROUPS = YES;
				SDKROOT = auto;
				STRING_CATALOG_GENERATE_SYMBOLS = YES;
				SUPPORTED_PLATFORMS = "iphoneos iphonesimulator macosx";
				SUPPORTS_MACCATALYST = NO;
				SWIFT_APPROACHABLE_CONCURRENCY = YES;
				SWIFT_DEFAULT_ACTOR_ISOLATION = MainActor;
				SWIFT_EMIT_LOC_STRINGS = YES;
				SWIFT_UPCOMING_FEATURE_MEMBER_IMPORT_VISIBILITY = YES;
				SWIFT_VERSION = 5.0;
				TARGETED_DEVICE_FAMILY = "1,2";
				XROS_DEPLOYMENT_TARGET = 26.0;
			};
			name = Release;
		};
		GG000001GGGG000100000001 /* Debug */ = {
			isa = XCBuildConfiguration;
			buildSettings = {
				BUNDLE_LOADER = "$(TEST_HOST)";
				CODE_SIGN_STYLE = Automatic;
				CURRENT_PROJECT_VERSION = 0;
				DEAD_CODE_STRIPPING = YES;
				DEVELOPMENT_TEAM = ZGY97R7UU2;
				GENERATE_INFOPLIST_FILE = YES;
				MACOSX_DEPLOYMENT_TARGET = 26.0;
				PRODUCT_BUNDLE_IDENTIFIER = app.reqeast.tests;
				PRODUCT_NAME = "$(TARGET_NAME)";
				SDKROOT = auto;
				SUPPORTED_PLATFORMS = "iphoneos iphonesimulator macosx";
				SWIFT_APPROACHABLE_CONCURRENCY = YES;
				SWIFT_DEFAULT_ACTOR_ISOLATION = MainActor;
				SWIFT_EMIT_LOC_STRINGS = NO;
				SWIFT_VERSION = 5.0;
				TEST_HOST = "$(BUILT_PRODUCTS_DIR)/RHEQ.app/$(BUNDLE_EXECUTABLE_FOLDER_PATH)/Reqeast";
			};
			name = Debug;
		};
		GG000002GGGG000200000002 /* Release */ = {
			isa = XCBuildConfiguration;
			buildSettings = {
				BUNDLE_LOADER = "$(TEST_HOST)";
				CODE_SIGN_STYLE = Automatic;
				CURRENT_PROJECT_VERSION = 0;
				DEAD_CODE_STRIPPING = YES;
				DEVELOPMENT_TEAM = ZGY97R7UU2;
				GENERATE_INFOPLIST_FILE = YES;
				MACOSX_DEPLOYMENT_TARGET = 26.0;
				PRODUCT_BUNDLE_IDENTIFIER = app.reqeast.tests;
				PRODUCT_NAME = "$(TARGET_NAME)";
				SDKROOT = auto;
				SUPPORTED_PLATFORMS = "iphoneos iphonesimulator macosx";
				SWIFT_APPROACHABLE_CONCURRENCY = YES;
				SWIFT_DEFAULT_ACTOR_ISOLATION = MainActor;
				SWIFT_EMIT_LOC_STRINGS = NO;
				SWIFT_VERSION = 5.0;
				TEST_HOST = "$(BUILT_PRODUCTS_DIR)/RHEQ.app/$(BUNDLE_EXECUTABLE_FOLDER_PATH)/Reqeast";
			};
			name = Release;
		};
		HH000001HHHH000100000001 /* Debug */ = {
			isa = XCBuildConfiguration;
			buildSettings = {
				CODE_SIGN_STYLE = Automatic;
				CURRENT_PROJECT_VERSION = 0;
				DEAD_CODE_STRIPPING = YES;
				DEVELOPMENT_TEAM = ZGY97R7UU2;
				GENERATE_INFOPLIST_FILE = YES;
				MACOSX_DEPLOYMENT_TARGET = 26.0;
				PRODUCT_BUNDLE_IDENTIFIER = app.reqeast.uitests;
				PRODUCT_NAME = "$(TARGET_NAME)";
				SDKROOT = auto;
				SUPPORTED_PLATFORMS = "iphoneos iphonesimulator macosx";
				SWIFT_ACTIVE_COMPILATION_CONDITIONS = "DEBUG RUN_SCREENSHOT_TESTS $(inherited)";
				SWIFT_APPROACHABLE_CONCURRENCY = YES;
				SWIFT_DEFAULT_ACTOR_ISOLATION = MainActor;
				SWIFT_EMIT_LOC_STRINGS = NO;
				SWIFT_VERSION = 5.0;
				TEST_TARGET_NAME = Reqeast;
			};
			name = Debug;
		};
		HH000002HHHH000200000002 /* Release */ = {
			isa = XCBuildConfiguration;
			buildSettings = {
				CODE_SIGN_STYLE = Automatic;
				CURRENT_PROJECT_VERSION = 0;
				DEAD_CODE_STRIPPING = YES;
				DEVELOPMENT_TEAM = ZGY97R7UU2;
				GENERATE_INFOPLIST_FILE = YES;
				MACOSX_DEPLOYMENT_TARGET = 26.0;
				PRODUCT_BUNDLE_IDENTIFIER = app.reqeast.uitests;
				PRODUCT_NAME = "$(TARGET_NAME)";
				SDKROOT = auto;
				SUPPORTED_PLATFORMS = "iphoneos iphonesimulator macosx";
				SWIFT_APPROACHABLE_CONCURRENCY = YES;
				SWIFT_DEFAULT_ACTOR_ISOLATION = MainActor;
				SWIFT_EMIT_LOC_STRINGS = NO;
				SWIFT_VERSION = 5.0;
				TEST_TARGET_NAME = Reqeast;
			};
			name = Release;
		};
/* End XCBuildConfiguration section */

/* Begin XCConfigurationList section */
		07A37C462F49967500B28FBF /* Build configuration list for PBXProject "Reqeast" */ = {
			isa = XCConfigurationList;
			buildConfigurations = (
				07A37C542F49967500B28FBF /* Debug */,
				07A37C552F49967500B28FBF /* Release */,
			);
			defaultConfigurationIsVisible = 0;
			defaultConfigurationName = Release;
		};
		07A37C562F49967500B28FBF /* Build configuration list for PBXNativeTarget "Reqeast" */ = {
			isa = XCConfigurationList;
			buildConfigurations = (
				07A37C572F49967500B28FBF /* Debug */,
				07A37C582F49967500B28FBF /* Release */,
			);
			defaultConfigurationIsVisible = 0;
			defaultConfigurationName = Release;
		};
		FF000003FFFF000300000003 /* Build configuration list for PBXNativeTarget "ReqeastTests" */ = {
			isa = XCConfigurationList;
			buildConfigurations = (
				GG000001GGGG000100000001 /* Debug */,
				GG000002GGGG000200000002 /* Release */,
			);
			defaultConfigurationIsVisible = 0;
			defaultConfigurationName = Release;
		};
		FF000004FFFF000400000004 /* Build configuration list for PBXNativeTarget "ReqeastUITests" */ = {
			isa = XCConfigurationList;
			buildConfigurations = (
				HH000001HHHH000100000001 /* Debug */,
				HH000002HHHH000200000002 /* Release */,
			);
			defaultConfigurationIsVisible = 0;
			defaultConfigurationName = Release;
		};
/* End XCConfigurationList section */

/* Begin XCRemoteSwiftPackageReference section */
		II000001IIII000100000001 /* XCRemoteSwiftPackageReference "CodeEditSourceEditor" */ = {
			isa = XCRemoteSwiftPackageReference;
			repositoryURL = "https://github.com/CodeEditApp/CodeEditSourceEditor";
			requirement = {
				kind = exactVersion;
				version = 0.15.2;
			};
		};
/* End XCRemoteSwiftPackageReference section */

/* Begin XCSwiftPackageProductDependency section */
		JJ000001JJJJ000100000001 /* CodeEditSourceEditor */ = {
			isa = XCSwiftPackageProductDependency;
			package = II000001IIII000100000001 /* XCRemoteSwiftPackageReference "CodeEditSourceEditor" */;
			productName = CodeEditSourceEditor;
		};
/* End XCSwiftPackageProductDependency section */
	};
	rootObject = 07A37C432F49967500B28FBF /* Project object */;
}
